
Microsoft Visual Studio Solution File, Format Version 12.00
# Visual Studio Version 17
VisualStudioVersion = 17.3.32929.385
MinimumVisualStudioVersion = 10.0.40219.1
Project("{FAE04EC0-301F-11D3-BF4B-00C04F79EFBC}") = "Inheritance", "Inheritance\Inheritance.csproj", "{FF1E08FE-6001-47DC-B492-5A7904B69BCB}"
EndProject
Global
	GlobalSection(SolutionConfigurationPlatforms) = preSolution
		Debug|Any CPU = Debug|Any CPU
		Release|Any CPU = Release|Any CPU
	EndGlobalSection
	GlobalSection(ProjectConfigurationPlatforms) = postSolution
		{FF1E08FE-6001-47DC-B492-5A7904B69BCB}.Debug|Any CPU.ActiveCfg = Debug|Any CPU
		{FF1E08FE-6001-47DC-B492-5A7904B69BCB}.Debug|Any CPU.Build.0 = Debug|Any CPU
		{FF1E08FE-6001-47DC-B492-5A7904B69BCB}.Release|Any CPU.ActiveCfg = Release|Any CPU
		{FF1E08FE-6001-47DC-B492-5A7904B69BCB}.Release|Any CPU.Build.0 = Release|Any CPU
	EndGlobalSection
	GlobalSection(SolutionProperties) = preSolution
		HideSolutionNode = FALSE
	EndGlobalSection
	GlobalSection(ExtensibilityGlobals) = postSolution
		SolutionGuid = {62B8FDE0-AD75-4212-91BB-A9C1F901FFC1}
	EndGlobalSection
EndGlobal
